// !$*UTF8*$!
{
	archiveVersion = 1;
	classes = {
	};
	objectVersion = 46;
	objects = {

/* Begin PBXBuildFile section */
		7D2AF9101E99B173001B94BB /* AppDelegate.swift in Sources */ = {isa = PBXBuildFile; fileRef = 7D2AF90F1E99B173001B94BB /* AppDelegate.swift */; };
		7D2AF9121E99B173001B94BB /* ViewController.swift in Sources */ = {isa = PBXBuildFile; fileRef = 7D2AF9111E99B173001B94BB /* ViewController.swift */; };
		7D2AF9141E99B173001B94BB /* Assets.xcassets in Resources */ = {isa = PBXBuildFile; fileRef = 7D2AF9131E99B173001B94BB /* Assets.xcassets */; };
		7D2AF9171E99B173001B94BB /* Main.storyboard in Resources */ = {isa = PBXBuildFile; fileRef = 7D2AF9151E99B173001B94BB /* Main.storyboard */; };
		7D2AF9221E99B173001B94BB /* Xcode8testTests.swift in Sources */ = {isa = PBXBuildFile; fileRef = 7D2AF9211E99B173001B94BB /* Xcode8testTests.swift */; };
		7D2AF92D1E99B173001B94BB /* Xcode8testUITests.swift in Sources */ = {isa = PBXBuildFile; fileRef = 7D2AF92C1E99B173001B94BB /* Xcode8testUITests.swift */; };
/* End PBXBuildFile section */

/* Begin PBXContainerItemProxy section */
		7D2AF91E1E99B173001B94BB /* PBXContainerItemProxy */ = {
			isa = PBXContainerItemProxy;
			containerPortal = 7D2AF9041E99B173001B94BB /* Project object */;
			proxyType = 1;
			remoteGlobalIDString = 7D2AF90B1E99B173001B94BB;
			remoteInfo = Xcode8test;
		};
		7D2AF9291E99B173001B94BB /* PBXContainerItemProxy */ = {
			isa = PBXContainerItemProxy;
			containerPortal = 7D2AF9041E99B173001B94BB /* Project object */;
			proxyType = 1;
			remoteGlobalIDString = 7D2AF90B1E99B173001B94BB;
			remoteInfo = Xcode8test;
		};
/* End PBXContainerItemProxy section */

/* Begin PBXFileReference section */
		7D2AF90C1E99B173001B94BB /* Xcode8test.app */ = {isa = PBXFileReference; explicitFileType = wrapper.application; includeInIndex = 0; path = Xcode8test.app; sourceTree = BUILT_PRODUCTS_DIR; };
		7D2AF90F1E99B173001B94BB /* AppDelegate.swift */ = {isa = PBXFileReference; lastKnownFileType = sourcecode.swift; path = AppDelegate.swift; sourceTree = "<group>"; };
		7D2AF9111E99B173001B94BB /* ViewController.swift */ = {isa = PBXFileReference; lastKnownFileType = sourcecode.swift; path = ViewController.swift; sourceTree = "<group>"; };
		7D2AF9131E99B173001B94BB /* Assets.xcassets */ = {isa = PBXFileReference; lastKnownFileType = folder.assetcatalog; path = Assets.xcassets; sourceTree = "<group>"; };
		7D2AF9161E99B173001B94BB /* Base */ = {isa = PBXFileReference; lastKnownFileType = file.storyboard; name = Base; path = Base.lproj/Main.storyboard; sourceTree = "<group>"; };
		7D2AF9181E99B173001B94BB /* Info.plist */ = {isa = PBXFileReference; lastKnownFileType = text.plist.xml; path = Info.plist; sourceTree = "<group>"; };
		7D2AF91D1E99B173001B94BB /* Xcode8testTests.xctest */ = {isa = PBXFileReference; explicitFileType = wrapper.cfbundle; includeInIndex = 0; path = Xcode8testTests.xctest; sourceTree = BUILT_PRODUCTS_DIR; };
		7D2AF9211E99B173001B94BB /* Xcode8testTests.swift */ = {isa = PBXFileReference; lastKnownFileType = sourcecode.swift; path = Xcode8testTests.swift; sourceTree = "<group>"; };
		7D2AF9231E99B173001B94BB /* Info.plist */ = {isa = PBXFileReference; lastKnownFileType = text.plist.xml; path = Info.plist; sourceTree = "<group>"; };
		7D2AF9281E99B173001B94BB /* Xcode8testUITests.xctest */ = {isa = PBXFileReference; explicitFileType = wrapper.cfbundle; includeInIndex = 0; path = Xcode8testUITests.xctest; sourceTree = BUILT_PRODUCTS_DIR; };
		7D2AF92C1E99B173001B94BB /* Xcode8testUITests.swift */ = {isa = PBXFileReference; lastKnownFileType = sourcecode.swift; path = Xcode8testUITests.swift; sourceTree = "<group>"; };
		7D2AF92E1E99B173001B94BB /* Info.plist */ = {isa = PBXFileReference; lastKnownFileType = text.plist.xml; path = Info.plist; sourceTree = "<group>"; };
/* End PBXFileReference section */

/* Begin PBXFrameworksBuildPhase section */
		7D2AF9091E99B173001B94BB /* Frameworks */ = {
			isa = PBXFrameworksBuildPhase;
			buildActionMask = 2147483647;
			files = (
			);
			runOnlyForDeploymentPostprocessing = 0;
		};
		7D2AF91A1E99B173001B94BB /* Frameworks */ = {
			isa = PBXFrameworksBuildPhase;
			buildActionMask = 2147483647;
			files = (
			);
			runOnlyForDeploymentPostprocessing = 0;
		};
		7D2AF9251E99B173001B94BB /* Frameworks */ = {
			isa = PBXFrameworksBuildPhase;
			buildActionMask = 2147483647;
			files = (
			);
			runOnlyForDeploymentPostprocessing = 0;
		};
/* End PBXFrameworksBuildPhase section */

/* Begin PBXGroup section */
		7D2AF9031E99B173001B94BB = {
			isa = PBXGroup;
			children = (
				7D2AF90E1E99B173001B94BB /* Xcode8test */,
				7D2AF9201E99B173001B94BB /* Xcode8testTests */,
				7D2AF92B1E99B173001B94BB /* Xcode8testUITests */,
				7D2AF90D1E99B173001B94BB /* Products */,
			);
			sourceTree = "<group>";
		};
		7D2AF90D1E99B173001B94BB /* Products */ = {
			isa = PBXGroup;
			children = (
				7D2AF90C1E99B173001B94BB /* Xcode8test.app */,
				7D2AF91D1E99B173001B94BB /* Xcode8testTests.xctest */,
				7D2AF9281E99B173001B94BB /* Xcode8testUITests.xctest */,
			);
			name = Products;
			sourceTree = "<group>";
		};
		7D2AF90E1E99B173001B94BB /* Xcode8test */ = {
			isa = PBXGroup;
			children = (
				7D2AF90F1E99B173001B94BB /* AppDelegate.swift */,
				7D2AF9111E99B173001B94BB /* ViewController.swift */,
				7D2AF9131E99B173001B94BB /* Assets.xcassets */,
				7D2AF9151E99B173001B94BB /* Main.storyboard */,
				7D2AF9181E99B173001B94BB /* Info.plist */,
			);
			path = Xcode8test;
			sourceTree = "<group>";
		};
		7D2AF9201E99B173001B94BB /* Xcode8testTests */ = {
			isa = PBXGroup;
			children = (
				7D2AF9211E99B173001B94BB /* Xcode8testTests.swift */,
				7D2AF9231E99B173001B94BB /* Info.plist */,
			);
			path = Xcode8testTests;
			sourceTree = "<group>";
		};
		7D2AF92B1E99B173001B94BB /* Xcode8testUITests */ = {
			isa = PBXGroup;
			children = (
				7D2AF92C1E99B173001B94BB /* Xcode8testUITests.swift */,
				7D2AF92E1E99B173001B94BB /* Info.plist */,
			);
			path = Xcode8testUITests;
			sourceTree = "<group>";
		};
/* End PBXGroup section */

/* Begin PBXNativeTarget section */
		7D2AF90B1E99B173001B94BB /* Xcode8test */ = {
			isa = PBXNativeTarget;
			buildConfigurationList = 7D2AF9311E99B173001B94BB /* Build configuration list for PBXNativeTarget "Xcode8test" */;
			buildPhases = (
				7D2AF9081E99B173001B94BB /* Sources */,
				7D2AF9091E99B173001B94BB /* Frameworks */,
				7D2AF90A1E99B173001B94BB /* Resources */,
			);
			buildRules = (
			);
			dependencies = (
			);
			name = Xcode8test;
			productName = Xcode8test;
			productReference = 7D2AF90C1E99B173001B94BB /* Xcode8test.app */;
			productType = "com.apple.product-type.application";
		};
		7D2AF91C1E99B173001B94BB /* Xcode8testTests */ = {
			isa = PBXNativeTarget;
			buildConfigurationList = 7D2AF9341E99B173001B94BB /* Build configuration list for PBXNativeTarget "Xcode8testTests" */;
			buildPhases = (
				7D2AF9191E99B173001B94BB /* Sources */,
				7D2AF91A1E99B173001B94BB /* Frameworks */,
				7D2AF91B1E99B173001B94BB /* Resources */,
			);
			buildRules = (
			);
			dependencies = (
				7D2AF91F1E99B173001B94BB /* PBXTargetDependency */,
			);
			name = Xcode8testTests;
			productName = Xcode8testTests;
			productReference = 7D2AF91D1E99B173001B94BB /* Xcode8testTests.xctest */;
			productType = "com.apple.product-type.bundle.unit-test";
		};
		7D2AF9271E99B173001B94BB /* Xcode8testUITests */ = {
			isa = PBXNativeTarget;
			buildConfigurationList = 7D2AF9371E99B173001B94BB /* Build configuration list for PBXNativeTarget "Xcode8testUITests" */;
			buildPhases = (
				7D2AF9241E99B173001B94BB /* Sources */,
				7D2AF9251E99B173001B94BB /* Frameworks */,
				7D2AF9261E99B173001B94BB /* Resources */,
			);
			buildRules = (
			);
			dependencies = (
				7D2AF92A1E99B173001B94BB /* PBXTargetDependency */,
			);
			name = Xcode8testUITests;
			productName = Xcode8testUITests;
			productReference = 7D2AF9281E99B173001B94BB /* Xcode8testUITests.xctest */;
			productType = "com.apple.product-type.bundle.ui-testing";
		};
/* End PBXNativeTarget section */

/* Begin PBXProject section */
		7D2AF9041E99B173001B94BB /* Project object */ = {
			isa = PBXProject;
			attributes = {
				LastSwiftUpdateCheck = 0830;
				LastUpgradeCheck = 0830;
				ORGANIZATIONNAME = "Mohamad Elian";
				TargetAttributes = {
					7D2AF90B1E99B173001B94BB = {
						CreatedOnToolsVersion = 8.3;
						ProvisioningStyle = Automatic;
					};
					7D2AF91C1E99B173001B94BB = {
						CreatedOnToolsVersion = 8.3;
						ProvisioningStyle = Automatic;
						TestTargetID = 7D2AF90B1E99B173001B94BB;
					};
					7D2AF9271E99B173001B94BB = {
						CreatedOnToolsVersion = 8.3;
						ProvisioningStyle = Automatic;
						TestTargetID = 7D2AF90B1E99B173001B94BB;
					};
				};
			};
			buildConfigurationList = 7D2AF9071E99B173001B94BB /* Build configuration list for PBXProject "Xcode8test" */;
			compatibilityVersion = "Xcode 3.2";
			developmentRegion = English;
			hasScannedForEncodings = 0;
			knownRegions = (
				en,
				Base,
			);
			mainGroup = 7D2AF9031E99B173001B94BB;
			productRefGroup = 7D2AF90D1E99B173001B94BB /* Products */;
			projectDirPath = "";
			projectRoot = "";
			targets = (
				7D2AF90B1E99B173001B94BB /* Xcode8test */,
				7D2AF91C1E99B173001B94BB /* Xcode8testTests */,
				7D2AF9271E99B173001B94BB /* Xcode8testUITests */,
			);
		};
/* End PBXProject section */

/* Begin PBXResourcesBuildPhase section */
		7D2AF90A1E99B173001B94BB /* Resources */ = {
			isa = PBXResourcesBuildPhase;
			buildActionMask = 2147483647;
			files = (
				7D2AF9141E99B173001B94BB /* Assets.xcassets in Resources */,
				7D2AF9171E99B173001B94BB /* Main.storyboard in Resources */,
			);
			runOnlyForDeploymentPostprocessing = 0;
		};
		7D2AF91B1E99B173001B94BB /* Resources */ = {
			isa = PBXResourcesBuildPhase;
			buildActionMask = 2147483647;
			files = (
			);
			runOnlyForDeploymentPostprocessing = 0;
		};
		7D2AF9261E99B173001B94BB /* Resources */ = {
			isa = PBXResourcesBuildPhase;
			buildActionMask = 2147483647;
			files = (
			);
			runOnlyForDeploymentPostprocessing = 0;
		};
/* End PBXResourcesBuildPhase section */

/* Begin PBXSourcesBuildPhase section */
		7D2AF9081E99B173001B94BB /* Sources */ = {
			isa = PBXSourcesBuildPhase;
			buildActionMask = 2147483647;
			files = (
				7D2AF9121E99B173001B94BB /* ViewController.swift in Sources */,
				7D2AF9101E99B173001B94BB /* AppDelegate.swift in Sources */,
			);
			runOnlyForDeploymentPostprocessing = 0;
		};
		7D2AF9191E99B173001B94BB /* Sources */ = {
			isa = PBXSourcesBuildPhase;
			buildActionMask = 2147483647;
			files = (
				7D2AF9221E99B173001B94BB /* Xcode8testTests.swift in Sources */,
			);
			runOnlyForDeploymentPostprocessing = 0;
		};
		7D2AF9241E99B173001B94BB /* Sources */ = {
			isa = PBXSourcesBuildPhase;
			buildActionMask = 2147483647;
			files = (
				7D2AF92D1E99B173001B94BB /* Xcode8testUITests.swift in Sources */,
			);
			runOnlyForDeploymentPostprocessing = 0;
		};
/* End PBXSourcesBuildPhase section */

/* Begin PBXTargetDependency section */
		7D2AF91F1E99B173001B94BB /* PBXTargetDependency */ = {
			isa = PBXTargetDependency;
			target = 7D2AF90B1E99B173001B94BB /* Xcode8test */;
			targetProxy = 7D2AF91E1E99B173001B94BB /* PBXContainerItemProxy */;
		};
		7D2AF92A1E99B173001B94BB /* PBXTargetDependency */ = {
			isa = PBXTargetDependency;
			target = 7D2AF90B1E99B173001B94BB /* Xcode8test */;
			targetProxy = 7D2AF9291E99B173001B94BB /* PBXContainerItemProxy */;
		};
/* End PBXTargetDependency section */

/* Begin PBXVariantGroup section */
		7D2AF9151E99B173001B94BB /* Main.storyboard */ = {
			isa = PBXVariantGroup;
			children = (
				7D2AF9161E99B173001B94BB /* Base */,
			);
			name = Main.storyboard;
			sourceTree = "<group>";
		};
/* End PBXVariantGroup section */

/* Begin XCBuildConfiguration section */
		7D2AF92F1E99B173001B94BB /* Debug */ = {
			isa = XCBuildConfiguration;
			buildSettings = {
				ALWAYS_SEARCH_USER_PATHS = NO;
				CLANG_ANALYZER_NONNULL = YES;
				CLANG_ANALYZER_NUMBER_OBJECT_CONVERSION = YES_AGGRESSIVE;
				CLANG_CXX_LANGUAGE_STANDARD = "gnu++0x";
				CLANG_CXX_LIBRARY = "libc++";
				CLANG_ENABLE_MODULES = YES;
				CLANG_ENABLE_OBJC_ARC = YES;
				CLANG_WARN_BOOL_CONVERSION = YES;
				CLANG_WARN_CONSTANT_CONVERSION = YES;
				CLANG_WARN_DIRECT_OBJC_ISA_USAGE = YES_ERROR;
				CLANG_WARN_DOCUMENTATION_COMMENTS = YES;
				CLANG_WARN_EMPTY_BODY = YES;
				CLANG_WARN_ENUM_CONVERSION = YES;
				CLANG_WARN_INFINITE_RECURSION = YES;
				CLANG_WARN_INT_CONVERSION = YES;
				CLANG_WARN_OBJC_ROOT_CLASS = YES_ERROR;
				CLANG_WARN_SUSPICIOUS_MOVE = YES;
				CLANG_WARN_UNREACHABLE_CODE = YES;
				CLANG_WARN__DUPLICATE_METHOD_MATCH = YES;
				CODE_SIGN_IDENTITY = "-";
				COPY_PHASE_STRIP = NO;
				DEBUG_INFORMATION_FORMAT = dwarf;
				ENABLE_STRICT_OBJC_MSGSEND = YES;
				ENABLE_TESTABILITY = YES;
				GCC_C_LANGUAGE_STANDARD = gnu99;
				GCC_DYNAMIC_NO_PIC = NO;
				GCC_NO_COMMON_BLOCKS = YES;
				GCC_OPTIMIZATION_LEVEL = 0;
				GCC_PREPROCESSOR_DEFINITIONS = (
					"DEBUG=1",
					"$(inherited)",
				);
				GCC_WARN_64_TO_32_BIT_CONVERSION = YES;
				GCC_WARN_ABOUT_RETURN_TYPE = YES_ERROR;
				GCC_WARN_UNDECLARED_SELECTOR = YES;
				GCC_WARN_UNINITIALIZED_AUTOS = YES_AGGRESSIVE;
				GCC_WARN_UNUSED_FUNCTION = YES;
				GCC_WARN_UNUSED_VARIABLE = YES;
				MACOSX_DEPLOYMENT_TARGET = 10.12;
				MTL_ENABLE_DEBUG_INFO = YES;
				ONLY_ACTIVE_ARCH = YES;
				SDKROOT = macosx;
				SWIFT_ACTIVE_COMPILATION_CONDITIONS = DEBUG;
				SWIFT_OPTIMIZATION_LEVEL = "-Onone";
			};
			name = Debug;
		};
		7D2AF9301E99B173001B94BB /* Release */ = {
			isa = XCBuildConfiguration;
			buildSettings = {
				ALWAYS_SEARCH_USER_PATHS = NO;
				CLANG_ANALYZER_NONNULL = YES;
				CLANG_ANALYZER_NUMBER_OBJECT_CONVERSION = YES_AGGRESSIVE;
				CLANG_CXX_LANGUAGE_STANDARD = "gnu++0x";
				CLANG_CXX_LIBRARY = "libc++";
				CLANG_ENABLE_MODULES = YES;
				CLANG_ENABLE_OBJC_ARC = YES;
				CLANG_WARN_BOOL_CONVERSION = YES;
				CLANG_WARN_CONSTANT_CONVERSION = YES;
				CLANG_WARN_DIRECT_OBJC_ISA_USAGE = YES_ERROR;
				CLANG_WARN_DOCUMENTATION_COMMENTS = YES;
				CLANG_WARN_EMPTY_BODY = YES;
				CLANG_WARN_ENUM_CONVERSION = YES;
				CLANG_WARN_INFINITE_RECURSION = YES;
				CLANG_WARN_INT_CONVERSION = YES;
				CLANG_WARN_OBJC_ROOT_CLASS = YES_ERROR;
				CLANG_WARN_SUSPICIOUS_MOVE = YES;
				CLANG_WARN_UNREACHABLE_CODE = YES;
				CLANG_WARN__DUPLICATE_METHOD_MATCH = YES;
				CODE_SIGN_IDENTITY = "-";
				COPY_PHASE_STRIP = NO;
				DEBUG_INFORMATION_FORMAT = "dwarf-with-dsym";
				ENABLE_NS_ASSERTIONS = NO;
				ENABLE_STRICT_OBJC_MSGSEND = YES;
				GCC_C_LANGUAGE_STANDARD = gnu99;
				GCC_NO_COMMON_BLOCKS = YES;
				GCC_WARN_64_TO_32_BIT_CONVERSION = YES;
				GCC_WARN_ABOUT_RETURN_TYPE = YES_ERROR;
				GCC_WARN_UNDECLARED_SELECTOR = YES;
				GCC_WARN_UNINITIALIZED_AUTOS = YES_AGGRESSIVE;
				GCC_WARN_UNUSED_FUNCTION = YES;
				GCC_WARN_UNUSED_VARIABLE = YES;
				MACOSX_DEPLOYMENT_TARGET = 10.12;
				MTL_ENABLE_DEBUG_INFO = NO;
				SDKROOT = macosx;
				SWIFT_OPTIMIZATION_LEVEL = "-Owholemodule";
			};
			name = Release;
		};
		7D2AF9321E99B173001B94BB /* Debug */ = {
			isa = XCBuildConfiguration;
			buildSettings = {
				ASSETCATALOG_COMPILER_APPICON_NAME = AppIcon;
				COMBINE_HIDPI_IMAGES = YES;
				INFOPLIST_FILE = Xcode8test/Info.plist;
				LD_RUNPATH_SEARCH_PATHS = "$(inherited) @executable_path/../Frameworks";
				PRODUCT_BUNDLE_IDENTIFIER = com.yourcompany.Xcode8test;
				PRODUCT_NAME = "$(TARGET_NAME)";
				SWIFT_VERSION = 3.0;
			};
			name = Debug;
		};
		7D2AF9331E99B173001B94BB /* Release */ = {
			isa = XCBuildConfiguration;
			buildSettings = {
				ASSETCATALOG_COMPILER_APPICON_NAME = AppIcon;
				COMBINE_HIDPI_IMAGES = YES;
				INFOPLIST_FILE = Xcode8test/Info.plist;
				LD_RUNPATH_SEARCH_PATHS = "$(inherited) @executable_path/../Frameworks";
				PRODUCT_BUNDLE_IDENTIFIER = com.yourcompany.Xcode8test;
				PRODUCT_NAME = "$(TARGET_NAME)";
				SWIFT_VERSION = 3.0;
			};
			name = Release;
		};
		7D2AF9351E99B173001B94BB /* Debug */ = {
			isa = XCBuildConfiguration;
			buildSettings = {
				ALWAYS_EMBED_SWIFT_STANDARD_LIBRARIES = YES;
				BUNDLE_LOADER = "$(TEST_HOST)";
				COMBINE_HIDPI_IMAGES = YES;
				INFOPLIST_FILE = Xcode8testTests/Info.plist;
				LD_RUNPATH_SEARCH_PATHS = "$(inherited) @executable_path/../Frameworks @loader_path/../Frameworks";
				PRODUCT_BUNDLE_IDENTIFIER = com.yourcompany.Xcode8testTests;
				PRODUCT_NAME = "$(TARGET_NAME)";
				SWIFT_VERSION = 3.0;
				TEST_HOST = "$(BUILT_PRODUCTS_DIR)/Xcode8test.app/Contents/MacOS/Xcode8test";
			};
			name = Debug;
		};
		7D2AF9361E99B173001B94BB /* Release */ = {
			isa = XCBuildConfiguration;
			buildSettings = {
				ALWAYS_EMBED_SWIFT_STANDARD_LIBRARIES = YES;
				BUNDLE_LOADER = "$(TEST_HOST)";
				COMBINE_HIDPI_IMAGES = YES;
				INFOPLIST_FILE = Xcode8testTests/Info.plist;
				LD_RUNPATH_SEARCH_PATHS = "$(inherited) @executable_path/../Frameworks @loader_path/../Frameworks";
				PRODUCT_BUNDLE_IDENTIFIER = com.yourcompany.Xcode8testTests;
				PRODUCT_NAME = "$(TARGET_NAME)";
				SWIFT_VERSION = 3.0;
				TEST_HOST = "$(BUILT_PRODUCTS_DIR)/Xcode8test.app/Contents/MacOS/Xcode8test";
			};
			name = Release;
		};
		7D2AF9381E99B173001B94BB /* Debug */ = {
			isa = XCBuildConfiguration;
			buildSettings = {
				ALWAYS_EMBED_SWIFT_STANDARD_LIBRARIES = YES;
				COMBINE_HIDPI_IMAGES = YES;
				INFOPLIST_FILE = Xcode8testUITests/Info.plist;
				LD_RUNPATH_SEARCH_PATHS = "$(inherited) @executable_path/../Frameworks @loader_path/../Frameworks";
				PRODUCT_BUNDLE_IDENTIFIER = com.yourcompany.Xcode8testUITests;
				PRODUCT_NAME = "$(TARGET_NAME)";
				SWIFT_VERSION = 3.0;
				TEST_TARGET_NAME = Xcode8test;
			};
			name = Debug;
		};
		7D2AF9391E99B173001B94BB /* Release */ = {
			isa = XCBuildConfiguration;
			buildSettings = {
				ALWAYS_EMBED_SWIFT_STANDARD_LIBRARIES = YES;
				COMBINE_HIDPI_IMAGES = YES;
				INFOPLIST_FILE = Xcode8testUITests/Info.plist;
				LD_RUNPATH_SEARCH_PATHS = "$(inherited) @executable_path/../Frameworks @loader_path/../Frameworks";
				PRODUCT_BUNDLE_IDENTIFIER = com.yourcompany.Xcode8testUITests;
				PRODUCT_NAME = "$(TARGET_NAME)";
				SWIFT_VERSION = 3.0;
				TEST_TARGET_NAME = Xcode8test;
			};
			name = Release;
		};
/* End XCBuildConfiguration section */

/* Begin XCConfigurationList section */
		7D2AF9071E99B173001B94BB /* Build configuration list for PBXProject "Xcode8test" */ = {
			isa = XCConfigurationList;
			buildConfigurations = (
				7D2AF92F1E99B173001B94BB /* Debug */,
				7D2AF9301E99B173001B94BB /* Release */,
			);
			defaultConfigurationIsVisible = 0;
			defaultConfigurationName = Release;
		};
		7D2AF9311E99B173001B94BB /* Build configuration list for PBXNativeTarget "Xcode8test" */ = {
			isa = XCConfigurationList;
			buildConfigurations = (
				7D2AF9321E99B173001B94BB /* Debug */,
				7D2AF9331E99B173001B94BB /* Release */,
			);
			defaultConfigurationIsVisible = 0;
		};
		7D2AF9341E99B173001B94BB /* Build configuration list for PBXNativeTarget "Xcode8testTests" */ = {
			isa = XCConfigurationList;
			buildConfigurations = (
				7D2AF9351E99B173001B94BB /* Debug */,
				7D2AF9361E99B173001B94BB /* Release */,
			);
			defaultConfigurationIsVisible = 0;
		};
		7D2AF9371E99B173001B94BB /* Build configuration list for PBXNativeTarget "Xcode8testUITests" */ = {
			isa = XCConfigurationList;
			buildConfigurations = (
				7D2AF9381E99B173001B94BB /* Debug */,
				7D2AF9391E99B173001B94BB /* Release */,
			);
			defaultConfigurationIsVisible = 0;
		};
/* End XCConfigurationList section */
	};
	rootObject = 7D2AF9041E99B173001B94BB /* Project object */;
}
